// !$*UTF8*$!
{
	archiveVersion = 1;
	classes = {
	};
	objectVersion = 56;
	objects = {

/* Begin PBXBuildFile section */
		8140CDBE2B066A1300347684 /* NYC_High_SchoolsApp.swift in Sources */ = {isa = PBXBuildFile; fileRef = 8140CDBD2B066A1300347684 /* NYC_High_SchoolsApp.swift */; };
		8140CDC02B066A1300347684 /* MainView.swift in Sources */ = {isa = PBXBuildFile; fileRef = 8140CDBF2B066A1300347684 /* MainView.swift */; };
		8140CDC22B066A1400347684 /* Assets.xcassets in Resources */ = {isa = PBXBuildFile; fileRef = 8140CDC12B066A1400347684 /* Assets.xcassets */; };
		8140CDC52B066A1400347684 /* Preview Assets.xcassets in Resources */ = {isa = PBXBuildFile; fileRef = 8140CDC42B066A1400347684 /* Preview Assets.xcassets */; };
		8140CDCC2B066B1500347684 /* HighSchool.swift in Sources */ = {isa = PBXBuildFile; fileRef = 8140CDCB2B066B1500347684 /* HighSchool.swift */; };
		8140CDCE2B066F3C00347684 /* MainViewViewModel.swift in Sources */ = {isa = PBXBuildFile; fileRef = 8140CDCD2B066F3C00347684 /* MainViewViewModel.swift */; };
		8140CDD02B0680C000347684 /* DetailView.swift in Sources */ = {isa = PBXBuildFile; fileRef = 8140CDCF2B0680C000347684 /* DetailView.swift */; };
		8140CDD22B0682C100347684 /* DetailViewViewModel.swift in Sources */ = {isa = PBXBuildFile; fileRef = 8140CDD12B0682C100347684 /* DetailViewViewModel.swift */; };
		8140CDD42B06863100347684 /* SchoolSATScores.swift in Sources */ = {isa = PBXBuildFile; fileRef = 8140CDD32B06863100347684 /* SchoolSATScores.swift */; };
		8140CDDF2B06A63100347684 /* SchoolsUnitTests.swift in Sources */ = {isa = PBXBuildFile; fileRef = 8140CDDE2B06A63100347684 /* SchoolsUnitTests.swift */; };
		8140CDE52B06A68D00347684 /* DetailViewViewModel.swift in Sources */ = {isa = PBXBuildFile; fileRef = 8140CDD12B0682C100347684 /* DetailViewViewModel.swift */; };
		8140CDE62B06AA3F00347684 /* SchoolSATScores.swift in Sources */ = {isa = PBXBuildFile; fileRef = 8140CDD32B06863100347684 /* SchoolSATScores.swift */; };
/* End PBXBuildFile section */

/* Begin PBXContainerItemProxy section */
		8140CDE02B06A63100347684 /* PBXContainerItemProxy */ = {
			isa = PBXContainerItemProxy;
			containerPortal = 8140CDB22B066A1300347684 /* Project object */;
			proxyType = 1;
			remoteGlobalIDString = 8140CDB92B066A1300347684;
			remoteInfo = "NYC High Schools";
		};
/* End PBXContainerItemProxy section */

/* Begin PBXFileReference section */
		8140CDBA2B066A1300347684 /* NYC High Schools.app */ = {isa = PBXFileReference; explicitFileType = wrapper.application; includeInIndex = 0; path = "NYC High Schools.app"; sourceTree = BUILT_PRODUCTS_DIR; };
		8140CDBD2B066A1300347684 /* NYC_High_SchoolsApp.swift */ = {isa = PBXFileReference; lastKnownFileType = sourcecode.swift; path = NYC_High_SchoolsApp.swift; sourceTree = "<group>"; };
		8140CDBF2B066A1300347684 /* MainView.swift */ = {isa = PBXFileReference; lastKnownFileType = sourcecode.swift; path = MainView.swift; sourceTree = "<group>"; };
		8140CDC12B066A1400347684 /* Assets.xcassets */ = {isa = PBXFileReference; lastKnownFileType = folder.assetcatalog; path = Assets.xcassets; sourceTree = "<group>"; };
		8140CDC42B066A1400347684 /* Preview Assets.xcassets */ = {isa = PBXFileReference; lastKnownFileType = folder.assetcatalog; path = "Preview Assets.xcassets"; sourceTree = "<group>"; };
		8140CDCB2B066B1500347684 /* HighSchool.swift */ = {isa = PBXFileReference; lastKnownFileType = sourcecode.swift; path = HighSchool.swift; sourceTree = "<group>"; };
		8140CDCD2B066F3C00347684 /* MainViewViewModel.swift */ = {isa = PBXFileReference; lastKnownFileType = sourcecode.swift; path = MainViewViewModel.swift; sourceTree = "<group>"; };
		8140CDCF2B0680C000347684 /* DetailView.swift */ = {isa = PBXFileReference; lastKnownFileType = sourcecode.swift; path = DetailView.swift; sourceTree = "<group>"; };
		8140CDD12B0682C100347684 /* DetailViewViewModel.swift */ = {isa = PBXFileReference; lastKnownFileType = sourcecode.swift; path = DetailViewViewModel.swift; sourceTree = "<group>"; };
		8140CDD32B06863100347684 /* SchoolSATScores.swift */ = {isa = PBXFileReference; lastKnownFileType = sourcecode.swift; path = SchoolSATScores.swift; sourceTree = "<group>"; };
		8140CDDC2B06A63100347684 /* SchoolsUnitTests.xctest */ = {isa = PBXFileReference; explicitFileType = wrapper.cfbundle; includeInIndex = 0; path = SchoolsUnitTests.xctest; sourceTree = BUILT_PRODUCTS_DIR; };
		8140CDDE2B06A63100347684 /* SchoolsUnitTests.swift */ = {isa = PBXFileReference; lastKnownFileType = sourcecode.swift; path = SchoolsUnitTests.swift; sourceTree = "<group>"; };
/* End PBXFileReference section */

/* Begin PBXFrameworksBuildPhase section */
		8140CDB72B066A1300347684 /* Frameworks */ = {
			isa = PBXFrameworksBuildPhase;
			buildActionMask = 2147483647;
			files = (
			);
			runOnlyForDeploymentPostprocessing = 0;
		};
		8140CDD92B06A63100347684 /* Frameworks */ = {
			isa = PBXFrameworksBuildPhase;
			buildActionMask = 2147483647;
			files = (
			);
			runOnlyForDeploymentPostprocessing = 0;
		};
/* End PBXFrameworksBuildPhase section */

/* Begin PBXGroup section */
		8140CDB12B066A1300347684 = {
			isa = PBXGroup;
			children = (
				8140CDBC2B066A1300347684 /* NYC High Schools */,
				8140CDC12B066A1400347684 /* Assets.xcassets */,
				8140CDDD2B06A63100347684 /* SchoolsUnitTests */,
				8140CDBB2B066A1300347684 /* Products */,
			);
			sourceTree = "<group>";
		};
		8140CDBB2B066A1300347684 /* Products */ = {
			isa = PBXGroup;
			children = (
				8140CDBA2B066A1300347684 /* NYC High Schools.app */,
				8140CDDC2B06A63100347684 /* SchoolsUnitTests.xctest */,
			);
			name = Products;
			sourceTree = "<group>";
		};
		8140CDBC2B066A1300347684 /* NYC High Schools */ = {
			isa = PBXGroup;
			children = (
				8140CDBD2B066A1300347684 /* NYC_High_SchoolsApp.swift */,
				8140CDE72B06ABEA00347684 /* Main */,
				8140CDE82B06ABF100347684 /* Detail */,
				8140CDD72B068FAD00347684 /* Models */,
				8140CDC32B066A1400347684 /* Preview Content */,
			);
			path = "NYC High Schools";
			sourceTree = "<group>";
		};
		8140CDC32B066A1400347684 /* Preview Content */ = {
			isa = PBXGroup;
			children = (
				8140CDC42B066A1400347684 /* Preview Assets.xcassets */,
			);
			path = "Preview Content";
			sourceTree = "<group>";
		};
		8140CDD72B068FAD00347684 /* Models */ = {
			isa = PBXGroup;
			children = (
				8140CDCB2B066B1500347684 /* HighSchool.swift */,
				8140CDD32B06863100347684 /* SchoolSATScores.swift */,
			);
			path = Models;
			sourceTree = "<group>";
		};
		8140CDDD2B06A63100347684 /* SchoolsUnitTests */ = {
			isa = PBXGroup;
			children = (
				8140CDDE2B06A63100347684 /* SchoolsUnitTests.swift */,
			);
			path = SchoolsUnitTests;
			sourceTree = "<group>";
		};
		8140CDE72B06ABEA00347684 /* Main */ = {
			isa = PBXGroup;
			children = (
				8140CDBF2B066A1300347684 /* MainView.swift */,
				8140CDCD2B066F3C00347684 /* MainViewViewModel.swift */,
			);
			path = Main;
			sourceTree = "<group>";
		};
		8140CDE82B06ABF100347684 /* Detail */ = {
			isa = PBXGroup;
			children = (
				8140CDD12B0682C100347684 /* DetailViewViewModel.swift */,
				8140CDCF2B0680C000347684 /* DetailView.swift */,
			);
			path = Detail;
			sourceTree = "<group>";
		};
/* End PBXGroup section */

/* Begin PBXNativeTarget section */
		8140CDB92B066A1300347684 /* NYC High Schools */ = {
			isa = PBXNativeTarget;
			buildConfigurationList = 8140CDC82B066A1400347684 /* Build configuration list for PBXNativeTarget "NYC High Schools" */;
			buildPhases = (
				8140CDB62B066A1300347684 /* Sources */,
				8140CDB72B066A1300347684 /* Frameworks */,
				8140CDB82B066A1300347684 /* Resources */,
			);
			buildRules = (
			);
			dependencies = (
			);
			name = "NYC High Schools";
			productName = "NYC High Schools";
			productReference = 8140CDBA2B066A1300347684 /* NYC High Schools.app */;
			productType = "com.apple.product-type.application";
		};
		8140CDDB2B06A63100347684 /* SchoolsUnitTests */ = {
			isa = PBXNativeTarget;
			buildConfigurationList = 8140CDE22B06A63100347684 /* Build configuration list for PBXNativeTarget "SchoolsUnitTests" */;
			buildPhases = (
				8140CDD82B06A63100347684 /* Sources */,
				8140CDD92B06A63100347684 /* Frameworks */,
				8140CDDA2B06A63100347684 /* Resources */,
			);
			buildRules = (
			);
			dependencies = (
				8140CDE12B06A63100347684 /* PBXTargetDependency */,
			);
			name = SchoolsUnitTests;
			productName = SchoolsUnitTests;
			productReference = 8140CDDC2B06A63100347684 /* SchoolsUnitTests.xctest */;
			productType = "com.apple.product-type.bundle.unit-test";
		};
/* End PBXNativeTarget section */

/* Begin PBXProject section */
		8140CDB22B066A1300347684 /* Project object */ = {
			isa = PBXProject;
			attributes = {
				BuildIndependentTargetsInParallel = 1;
				LastSwiftUpdateCheck = 1500;
				LastUpgradeCheck = 1500;
				TargetAttributes = {
					8140CDB92B066A1300347684 = {
						CreatedOnToolsVersion = 15.0.1;
					};
					8140CDDB2B06A63100347684 = {
						CreatedOnToolsVersion = 15.0.1;
						TestTargetID = 8140CDB92B066A1300347684;
					};
				};
			};
			buildConfigurationList = 8140CDB52B066A1300347684 /* Build configuration list for PBXProject "NYC High Schools" */;
			compatibilityVersion = "Xcode 14.0";
			developmentRegion = en;
			hasScannedForEncodings = 0;
			knownRegions = (
				en,
				Base,
			);
			mainGroup = 8140CDB12B066A1300347684;
			productRefGroup = 8140CDBB2B066A1300347684 /* Products */;
			projectDirPath = "";
			projectRoot = "";
			targets = (
				8140CDB92B066A1300347684 /* NYC High Schools */,
				8140CDDB2B06A63100347684 /* SchoolsUnitTests */,
			);
		};
/* End PBXProject section */

/* Begin PBXResourcesBuildPhase section */
		8140CDB82B066A1300347684 /* Resources */ = {
			isa = PBXResourcesBuildPhase;
			buildActionMask = 2147483647;
			files = (
				8140CDC52B066A1400347684 /* Preview Assets.xcassets in Resources */,
				8140CDC22B066A1400347684 /* Assets.xcassets in Resources */,
			);
			runOnlyForDeploymentPostprocessing = 0;
		};
		8140CDDA2B06A63100347684 /* Resources */ = {
			isa = PBXResourcesBuildPhase;
			buildActionMask = 2147483647;
			files = (
			);
			runOnlyForDeploymentPostprocessing = 0;
		};
/* End PBXResourcesBuildPhase section */

/* Begin PBXSourcesBuildPhase section */
		8140CDB62B066A1300347684 /* Sources */ = {
			isa = PBXSourcesBuildPhase;
			buildActionMask = 2147483647;
			files = (
				8140CDCC2B066B1500347684 /* HighSchool.swift in Sources */,
				8140CDC02B066A1300347684 /* MainView.swift in Sources */,
				8140CDCE2B066F3C00347684 /* MainViewViewModel.swift in Sources */,
				8140CDD02B0680C000347684 /* DetailView.swift in Sources */,
				8140CDD22B0682C100347684 /* DetailViewViewModel.swift in Sources */,
				8140CDBE2B066A1300347684 /* NYC_High_SchoolsApp.swift in Sources */,
				8140CDD42B06863100347684 /* SchoolSATScores.swift in Sources */,
			);
			runOnlyForDeploymentPostprocessing = 0;
		};
		8140CDD82B06A63100347684 /* Sources */ = {
			isa = PBXSourcesBuildPhase;
			buildActionMask = 2147483647;
			files = (
				8140CDE52B06A68D00347684 /* DetailViewViewModel.swift in Sources */,
				8140CDDF2B06A63100347684 /* SchoolsUnitTests.swift in Sources */,
				8140CDE62B06AA3F00347684 /* SchoolSATScores.swift in Sources */,
			);
			runOnlyForDeploymentPostprocessing = 0;
		};
/* End PBXSourcesBuildPhase section */

/* Begin PBXTargetDependency section */
		8140CDE12B06A63100347684 /* PBXTargetDependency */ = {
			isa = PBXTargetDependency;
			target = 8140CDB92B066A1300347684 /* NYC High Schools */;
			targetProxy = 8140CDE02B06A63100347684 /* PBXContainerItemProxy */;
		};
/* End PBXTargetDependency section */

/* Begin XCBuildConfiguration section */
		8140CDC62B066A1400347684 /* Debug */ = {
			isa = XCBuildConfiguration;
			buildSettings = {
				ALWAYS_SEARCH_USER_PATHS = NO;
				ASSETCATALOG_COMPILER_GENERATE_SWIFT_ASSET_SYMBOL_EXTENSIONS = YES;
				CLANG_ANALYZER_NONNULL = YES;
				CLANG_ANALYZER_NUMBER_OBJECT_CONVERSION = YES_AGGRESSIVE;
				CLANG_CXX_LANGUAGE_STANDARD = "gnu++20";
				CLANG_ENABLE_MODULES = YES;
				CLANG_ENABLE_OBJC_ARC = YES;
				CLANG_ENABLE_OBJC_WEAK = YES;
				CLANG_WARN_BLOCK_CAPTURE_AUTORELEASING = YES;
				CLANG_WARN_BOOL_CONVERSION = YES;
				CLANG_WARN_COMMA = YES;
				CLANG_WARN_CONSTANT_CONVERSION = YES;
				CLANG_WARN_DEPRECATED_OBJC_IMPLEMENTATIONS = YES;
				CLANG_WARN_DIRECT_OBJC_ISA_USAGE = YES_ERROR;
				CLANG_WARN_DOCUMENTATION_COMMENTS = YES;
				CLANG_WARN_EMPTY_BODY = YES;
				CLANG_WARN_ENUM_CONVERSION = YES;
				CLANG_WARN_INFINITE_RECURSION = YES;
				CLANG_WARN_INT_CONVERSION = YES;
				CLANG_WARN_NON_LITERAL_NULL_CONVERSION = YES;
				CLANG_WARN_OBJC_IMPLICIT_RETAIN_SELF = YES;
				CLANG_WARN_OBJC_LITERAL_CONVERSION = YES;
				CLANG_WARN_OBJC_ROOT_CLASS = YES_ERROR;
				CLANG_WARN_QUOTED_INCLUDE_IN_FRAMEWORK_HEADER = YES;
				CLANG_WARN_RANGE_LOOP_ANALYSIS = YES;
				CLANG_WARN_STRICT_PROTOTYPES = YES;
				CLANG_WARN_SUSPICIOUS_MOVE = YES;
				CLANG_WARN_UNGUARDED_AVAILABILITY = YES_AGGRESSIVE;
				CLANG_WARN_UNREACHABLE_CODE = YES;
				CLANG_WARN__DUPLICATE_METHOD_MATCH = YES;
				COPY_PHASE_STRIP = NO;
				DEBUG_INFORMATION_FORMAT = dwarf;
				ENABLE_STRICT_OBJC_MSGSEND = YES;
				ENABLE_TESTABILITY = YES;
				ENABLE_USER_SCRIPT_SANDBOXING = YES;
				GCC_C_LANGUAGE_STANDARD = gnu17;
				GCC_DYNAMIC_NO_PIC = NO;
				GCC_NO_COMMON_BLOCKS = YES;
				GCC_OPTIMIZATION_LEVEL = 0;
				GCC_PREPROCESSOR_DEFINITIONS = (
					"DEBUG=1",
					"$(inherited)",
				);
				GCC_WARN_64_TO_32_BIT_CONVERSION = YES;
				GCC_WARN_ABOUT_RETURN_TYPE = YES_ERROR;
				GCC_WARN_UNDECLARED_SELECTOR = YES;
				GCC_WARN_UNINITIALIZED_AUTOS = YES_AGGRESSIVE;
				GCC_WARN_UNUSED_FUNCTION = YES;
				GCC_WARN_UNUSED_VARIABLE = YES;
				IPHONEOS_DEPLOYMENT_TARGET = 17.0;
				LOCALIZATION_PREFERS_STRING_CATALOGS = YES;
				MTL_ENABLE_DEBUG_INFO = INCLUDE_SOURCE;
				MTL_FAST_MATH = YES;
				ONLY_ACTIVE_ARCH = YES;
				SDKROOT = iphoneos;
				SWIFT_ACTIVE_COMPILATION_CONDITIONS = "DEBUG $(inherited)";
				SWIFT_OPTIMIZATION_LEVEL = "-Onone";
			};
			name = Debug;
		};
		8140CDC72B066A1400347684 /* Release */ = {
			isa = XCBuildConfiguration;
			buildSettings = {
				ALWAYS_SEARCH_USER_PATHS = NO;
				ASSETCATALOG_COMPILER_GENERATE_SWIFT_ASSET_SYMBOL_EXTENSIONS = YES;
				CLANG_ANALYZER_NONNULL = YES;
				CLANG_ANALYZER_NUMBER_OBJECT_CONVERSION = YES_AGGRESSIVE;
				CLANG_CXX_LANGUAGE_STANDARD = "gnu++20";
				CLANG_ENABLE_MODULES = YES;
				CLANG_ENABLE_OBJC_ARC = YES;
				CLANG_ENABLE_OBJC_WEAK = YES;
				CLANG_WARN_BLOCK_CAPTURE_AUTORELEASING = YES;
				CLANG_WARN_BOOL_CONVERSION = YES;
				CLANG_WARN_COMMA = YES;
				CLANG_WARN_CONSTANT_CONVERSION = YES;
				CLANG_WARN_DEPRECATED_OBJC_IMPLEMENTATIONS = YES;
				CLANG_WARN_DIRECT_OBJC_ISA_USAGE = YES_ERROR;
				CLANG_WARN_DOCUMENTATION_COMMENTS = YES;
				CLANG_WARN_EMPTY_BODY = YES;
				CLANG_WARN_ENUM_CONVERSION = YES;
				CLANG_WARN_INFINITE_RECURSION = YES;
				CLANG_WARN_INT_CONVERSION = YES;
				CLANG_WARN_NON_LITERAL_NULL_CONVERSION = YES;
				CLANG_WARN_OBJC_IMPLICIT_RETAIN_SELF = YES;
				CLANG_WARN_OBJC_LITERAL_CONVERSION = YES;
				CLANG_WARN_OBJC_ROOT_CLASS = YES_ERROR;
				CLANG_WARN_QUOTED_INCLUDE_IN_FRAMEWORK_HEADER = YES;
				CLANG_WARN_RANGE_LOOP_ANALYSIS = YES;
				CLANG_WARN_STRICT_PROTOTYPES = YES;
				CLANG_WARN_SUSPICIOUS_MOVE = YES;
				CLANG_WARN_UNGUARDED_AVAILABILITY = YES_AGGRESSIVE;
				CLANG_WARN_UNREACHABLE_CODE = YES;
				CLANG_WARN__DUPLICATE_METHOD_MATCH = YES;
				COPY_PHASE_STRIP = NO;
				DEBUG_INFORMATION_FORMAT = "dwarf-with-dsym";
				ENABLE_NS_ASSERTIONS = NO;
				ENABLE_STRICT_OBJC_MSGSEND = YES;
				ENABLE_USER_SCRIPT_SANDBOXING = YES;
				GCC_C_LANGUAGE_STANDARD = gnu17;
				GCC_NO_COMMON_BLOCKS = YES;
				GCC_WARN_64_TO_32_BIT_CONVERSION = YES;
				GCC_WARN_ABOUT_RETURN_TYPE = YES_ERROR;
				GCC_WARN_UNDECLARED_SELECTOR = YES;
				GCC_WARN_UNINITIALIZED_AUTOS = YES_AGGRESSIVE;
				GCC_WARN_UNUSED_FUNCTION = YES;
				GCC_WARN_UNUSED_VARIABLE = YES;
				IPHONEOS_DEPLOYMENT_TARGET = 17.0;
				LOCALIZATION_PREFERS_STRING_CATALOGS = YES;
				MTL_ENABLE_DEBUG_INFO = NO;
				MTL_FAST_MATH = YES;
				SDKROOT = iphoneos;
				SWIFT_COMPILATION_MODE = wholemodule;
				VALIDATE_PRODUCT = YES;
			};
			name = Release;
		};
		8140CDC92B066A1400347684 /* Debug */ = {
			isa = XCBuildConfiguration;
			buildSettings = {
				ASSETCATALOG_COMPILER_APPICON_NAME = AppIcon;
				ASSETCATALOG_COMPILER_GLOBAL_ACCENT_COLOR_NAME = AccentColor;
				CODE_SIGN_STYLE = Automatic;
				CURRENT_PROJECT_VERSION = 1;
				DEVELOPMENT_ASSET_PATHS = "\"NYC High Schools/Preview Content\"";
				ENABLE_PREVIEWS = YES;
				GENERATE_INFOPLIST_FILE = YES;
				INFOPLIST_KEY_UIApplicationSceneManifest_Generation = YES;
				INFOPLIST_KEY_UIApplicationSupportsIndirectInputEvents = YES;
				INFOPLIST_KEY_UILaunchScreen_Generation = YES;
				INFOPLIST_KEY_UISupportedInterfaceOrientations_iPad = "UIInterfaceOrientationPortrait UIInterfaceOrientationPortraitUpsideDown UIInterfaceOrientationLandscapeLeft UIInterfaceOrientationLandscapeRight";
				INFOPLIST_KEY_UISupportedInterfaceOrientations_iPhone = "UIInterfaceOrientationPortrait UIInterfaceOrientationLandscapeLeft UIInterfaceOrientationLandscapeRight";
				LD_RUNPATH_SEARCH_PATHS = (
					"$(inherited)",
					"@executable_path/Frameworks",
				);
				MARKETING_VERSION = 1.0;
				PRODUCT_BUNDLE_IDENTIFIER = "barnes-eric.NYC-High-Schools";
				PRODUCT_NAME = "$(TARGET_NAME)";
				SWIFT_EMIT_LOC_STRINGS = YES;
				SWIFT_VERSION = 5.0;
				TARGETED_DEVICE_FAMILY = "1,2";
			};
			name = Debug;
		};
		8140CDCA2B066A1400347684 /* Release */ = {
			isa = XCBuildConfiguration;
			buildSettings = {
				ASSETCATALOG_COMPILER_APPICON_NAME = AppIcon;
				ASSETCATALOG_COMPILER_GLOBAL_ACCENT_COLOR_NAME = AccentColor;
				CODE_SIGN_STYLE = Automatic;
				CURRENT_PROJECT_VERSION = 1;
				DEVELOPMENT_ASSET_PATHS = "\"NYC High Schools/Preview Content\"";
				ENABLE_PREVIEWS = YES;
				GENERATE_INFOPLIST_FILE = YES;
				INFOPLIST_KEY_UIApplicationSceneManifest_Generation = YES;
				INFOPLIST_KEY_UIApplicationSupportsIndirectInputEvents = YES;
				INFOPLIST_KEY_UILaunchScreen_Generation = YES;
				INFOPLIST_KEY_UISupportedInterfaceOrientations_iPad = "UIInterfaceOrientationPortrait UIInterfaceOrientationPortraitUpsideDown UIInterfaceOrientationLandscapeLeft UIInterfaceOrientationLandscapeRight";
				INFOPLIST_KEY_UISupportedInterfaceOrientations_iPhone = "UIInterfaceOrientationPortrait UIInterfaceOrientationLandscapeLeft UIInterfaceOrientationLandscapeRight";
				LD_RUNPATH_SEARCH_PATHS = (
					"$(inherited)",
					"@executable_path/Frameworks",
				);
				MARKETING_VERSION = 1.0;
				PRODUCT_BUNDLE_IDENTIFIER = "barnes-eric.NYC-High-Schools";
				PRODUCT_NAME = "$(TARGET_NAME)";
				SWIFT_EMIT_LOC_STRINGS = YES;
				SWIFT_VERSION = 5.0;
				TARGETED_DEVICE_FAMILY = "1,2";
			};
			name = Release;
		};
		8140CDE32B06A63100347684 /* Debug */ = {
			isa = XCBuildConfiguration;
			buildSettings = {
				BUNDLE_LOADER = "$(TEST_HOST)";
				CODE_SIGN_STYLE = Automatic;
				CURRENT_PROJECT_VERSION = 1;
				GENERATE_INFOPLIST_FILE = YES;
				MARKETING_VERSION = 1.0;
				PRODUCT_BUNDLE_IDENTIFIER = "barnes-eric.SchoolsUnitTests";
				PRODUCT_NAME = "$(TARGET_NAME)";
				SWIFT_EMIT_LOC_STRINGS = NO;
				SWIFT_VERSION = 5.0;
				TARGETED_DEVICE_FAMILY = "1,2";
				TEST_HOST = "$(BUILT_PRODUCTS_DIR)/NYC High Schools.app/$(BUNDLE_EXECUTABLE_FOLDER_PATH)/NYC High Schools";
			};
			name = Debug;
		};
		8140CDE42B06A63100347684 /* Release */ = {
			isa = XCBuildConfiguration;
			buildSettings = {
				BUNDLE_LOADER = "$(TEST_HOST)";
				CODE_SIGN_STYLE = Automatic;
				CURRENT_PROJECT_VERSION = 1;
				GENERATE_INFOPLIST_FILE = YES;
				MARKETING_VERSION = 1.0;
				PRODUCT_BUNDLE_IDENTIFIER = "barnes-eric.SchoolsUnitTests";
				PRODUCT_NAME = "$(TARGET_NAME)";
				SWIFT_EMIT_LOC_STRINGS = NO;
				SWIFT_VERSION = 5.0;
				TARGETED_DEVICE_FAMILY = "1,2";
				TEST_HOST = "$(BUILT_PRODUCTS_DIR)/NYC High Schools.app/$(BUNDLE_EXECUTABLE_FOLDER_PATH)/NYC High Schools";
			};
			name = Release;
		};
/* End XCBuildConfiguration section */

/* Begin XCConfigurationList section */
		8140CDB52B066A1300347684 /* Build configuration list for PBXProject "NYC High Schools" */ = {
			isa = XCConfigurationList;
			buildConfigurations = (
				8140CDC62B066A1400347684 /* Debug */,
				8140CDC72B066A1400347684 /* Release */,
			);
			defaultConfigurationIsVisible = 0;
			defaultConfigurationName = Release;
		};
		8140CDC82B066A1400347684 /* Build configuration list for PBXNativeTarget "NYC High Schools" */ = {
			isa = XCConfigurationList;
			buildConfigurations = (
				8140CDC92B066A1400347684 /* Debug */,
				8140CDCA2B066A1400347684 /* Release */,
			);
			defaultConfigurationIsVisible = 0;
			defaultConfigurationName = Release;
		};
		8140CDE22B06A63100347684 /* Build configuration list for PBXNativeTarget "SchoolsUnitTests" */ = {
			isa = XCConfigurationList;
			buildConfigurations = (
				8140CDE32B06A63100347684 /* Debug */,
				8140CDE42B06A63100347684 /* Release */,
			);
			defaultConfigurationIsVisible = 0;
			defaultConfigurationName = Release;
		};
/* End XCConfigurationList section */
	};
	rootObject = 8140CDB22B066A1300347684 /* Project object */;
}
